// !$*UTF8*$!
{
	archiveVersion = 1;
	classes = {
	};
	objectVersion = 46;
	objects = {

/* Begin PBXBuildFile section */
		EC4B6CA71B3DF85C007860D8 /* ButtonDetailViewController.m in Sources */ = {isa = PBXBuildFile; fileRef = EC4B6CA51B3DF85C007860D8 /* ButtonDetailViewController.m */; };
		EC4B6CA81B3DF85C007860D8 /* ButtonDetailViewController.xib in Resources */ = {isa = PBXBuildFile; fileRef = EC4B6CA61B3DF85C007860D8 /* ButtonDetailViewController.xib */; };
		EC4B6CAC1B3DFAA6007860D8 /* ButtonishTableViewCell.m in Sources */ = {isa = PBXBuildFile; fileRef = EC4B6CAA1B3DFAA6007860D8 /* ButtonishTableViewCell.m */; };
		EC4B6CAD1B3DFAA6007860D8 /* ButtonishTableViewCell.xib in Resources */ = {isa = PBXBuildFile; fileRef = EC4B6CAB1B3DFAA6007860D8 /* ButtonishTableViewCell.xib */; };
		EC7354751B3DC17E00FB7EE5 /* main.m in Sources */ = {isa = PBXBuildFile; fileRef = EC7354741B3DC17E00FB7EE5 /* main.m */; };
		EC7354781B3DC17E00FB7EE5 /* AppDelegate.m in Sources */ = {isa = PBXBuildFile; fileRef = EC7354771B3DC17E00FB7EE5 /* AppDelegate.m */; };
		EC73547E1B3DC17E00FB7EE5 /* Main.storyboard in Resources */ = {isa = PBXBuildFile; fileRef = EC73547C1B3DC17E00FB7EE5 /* Main.storyboard */; };
		EC7354801B3DC17E00FB7EE5 /* Assets.xcassets in Resources */ = {isa = PBXBuildFile; fileRef = EC73547F1B3DC17E00FB7EE5 /* Assets.xcassets */; };
		EC7354831B3DC17E00FB7EE5 /* LaunchScreen.storyboard in Resources */ = {isa = PBXBuildFile; fileRef = EC7354811B3DC17E00FB7EE5 /* LaunchScreen.storyboard */; };
		EC73548E1B3DC17E00FB7EE5 /* MyTableViewSuiteTests.m in Sources */ = {isa = PBXBuildFile; fileRef = EC73548D1B3DC17E00FB7EE5 /* MyTableViewSuiteTests.m */; };
		EC7354991B3DC17E00FB7EE5 /* MyTableViewSuiteUITests.m in Sources */ = {isa = PBXBuildFile; fileRef = EC7354981B3DC17E00FB7EE5 /* MyTableViewSuiteUITests.m */; };
		EC7354A91B3DC20600FB7EE5 /* NibTableViewCell.m in Sources */ = {isa = PBXBuildFile; fileRef = EC7354A71B3DC20600FB7EE5 /* NibTableViewCell.m */; };
		EC7354AA1B3DC20600FB7EE5 /* NibTableViewCell.xib in Resources */ = {isa = PBXBuildFile; fileRef = EC7354A81B3DC20600FB7EE5 /* NibTableViewCell.xib */; };
		EC7354AD1B3DC24C00FB7EE5 /* NibCellSampleTableViewController.m in Sources */ = {isa = PBXBuildFile; fileRef = EC7354AC1B3DC24C00FB7EE5 /* NibCellSampleTableViewController.m */; };
		EC7354B01B3DC33E00FB7EE5 /* 3x.png in Resources */ = {isa = PBXBuildFile; fileRef = EC7354AF1B3DC33E00FB7EE5 /* 3x.png */; };
		EC7354B21B3DC36600FB7EE5 /* placeholderPNG.png in Resources */ = {isa = PBXBuildFile; fileRef = EC7354B11B3DC36600FB7EE5 /* placeholderPNG.png */; };
		EC7354B41B3DC37400FB7EE5 /* baceIcon3x.png in Resources */ = {isa = PBXBuildFile; fileRef = EC7354B31B3DC37400FB7EE5 /* baceIcon3x.png */; };
		EC7354B91B3DC81800FB7EE5 /* corkboard.png in Resources */ = {isa = PBXBuildFile; fileRef = EC7354B51B3DC81800FB7EE5 /* corkboard.png */; };
		EC7354BA1B3DC81800FB7EE5 /* planet.png in Resources */ = {isa = PBXBuildFile; fileRef = EC7354B61B3DC81800FB7EE5 /* planet.png */; };
		EC7354BB1B3DC81800FB7EE5 /* gingham.png in Resources */ = {isa = PBXBuildFile; fileRef = EC7354B71B3DC81800FB7EE5 /* gingham.png */; };
		EC7354BC1B3DC81800FB7EE5 /* bluePrint.png in Resources */ = {isa = PBXBuildFile; fileRef = EC7354B81B3DC81800FB7EE5 /* bluePrint.png */; };
		EC7354C21B3DC86200FB7EE5 /* OddEvenTableViewController.m in Sources */ = {isa = PBXBuildFile; fileRef = EC7354C11B3DC86200FB7EE5 /* OddEvenTableViewController.m */; };
		EC7354C81B3DC8EB00FB7EE5 /* OddCell.m in Sources */ = {isa = PBXBuildFile; fileRef = EC7354C51B3DC8EB00FB7EE5 /* OddCell.m */; };
		EC7354C91B3DC8EB00FB7EE5 /* EvenCell.m in Sources */ = {isa = PBXBuildFile; fileRef = EC7354C71B3DC8EB00FB7EE5 /* EvenCell.m */; };
		EC7354CC1B3DCF5500FB7EE5 /* MyTableViewSuiteManager.m in Sources */ = {isa = PBXBuildFile; fileRef = EC7354CB1B3DCF5500FB7EE5 /* MyTableViewSuiteManager.m */; };
		EC7354D41B3DD7C000FB7EE5 /* ComputersViewController.m in Sources */ = {isa = PBXBuildFile; fileRef = EC7354D31B3DD7C000FB7EE5 /* ComputersViewController.m */; };
		EC7354D81B3DD85100FB7EE5 /* NameAndColorCell.m in Sources */ = {isa = PBXBuildFile; fileRef = EC7354D61B3DD85100FB7EE5 /* NameAndColorCell.m */; };
		EC7354D91B3DD85100FB7EE5 /* NameAndColorCell.xib in Resources */ = {isa = PBXBuildFile; fileRef = EC7354D71B3DD85100FB7EE5 /* NameAndColorCell.xib */; };
		EC7354DD1B3DDCFA00FB7EE5 /* ButtonCellTableViewController.m in Sources */ = {isa = PBXBuildFile; fileRef = EC7354DC1B3DDCFA00FB7EE5 /* ButtonCellTableViewController.m */; };
/* End PBXBuildFile section */

/* Begin PBXContainerItemProxy section */
		EC73548A1B3DC17E00FB7EE5 /* PBXContainerItemProxy */ = {
			isa = PBXContainerItemProxy;
			containerPortal = EC7354681B3DC17E00FB7EE5 /* Project object */;
			proxyType = 1;
			remoteGlobalIDString = EC73546F1B3DC17E00FB7EE5;
			remoteInfo = MyTableViewSuite;
		};
		EC7354951B3DC17E00FB7EE5 /* PBXContainerItemProxy */ = {
			isa = PBXContainerItemProxy;
			containerPortal = EC7354681B3DC17E00FB7EE5 /* Project object */;
			proxyType = 1;
			remoteGlobalIDString = EC73546F1B3DC17E00FB7EE5;
			remoteInfo = MyTableViewSuite;
		};
/* End PBXContainerItemProxy section */

/* Begin PBXFileReference section */
		EC4B6CA01B3DF679007860D8 /* ButtonCellDelegate.h */ = {isa = PBXFileReference; fileEncoding = 4; lastKnownFileType = sourcecode.c.h; path = ButtonCellDelegate.h; sourceTree = "<group>"; };
		EC4B6CA41B3DF85C007860D8 /* ButtonDetailViewController.h */ = {isa = PBXFileReference; fileEncoding = 4; lastKnownFileType = sourcecode.c.h; path = ButtonDetailViewController.h; sourceTree = "<group>"; };
		EC4B6CA51B3DF85C007860D8 /* ButtonDetailViewController.m */ = {isa = PBXFileReference; fileEncoding = 4; lastKnownFileType = sourcecode.c.objc; path = ButtonDetailViewController.m; sourceTree = "<group>"; };
		EC4B6CA61B3DF85C007860D8 /* ButtonDetailViewController.xib */ = {isa = PBXFileReference; fileEncoding = 4; lastKnownFileType = file.xib; path = ButtonDetailViewController.xib; sourceTree = "<group>"; };
		EC4B6CA91B3DFAA6007860D8 /* ButtonishTableViewCell.h */ = {isa = PBXFileReference; fileEncoding = 4; lastKnownFileType = sourcecode.c.h; path = ButtonishTableViewCell.h; sourceTree = "<group>"; };
		EC4B6CAA1B3DFAA6007860D8 /* ButtonishTableViewCell.m */ = {isa = PBXFileReference; fileEncoding = 4; lastKnownFileType = sourcecode.c.objc; path = ButtonishTableViewCell.m; sourceTree = "<group>"; };
		EC4B6CAB1B3DFAA6007860D8 /* ButtonishTableViewCell.xib */ = {isa = PBXFileReference; fileEncoding = 4; lastKnownFileType = file.xib; path = ButtonishTableViewCell.xib; sourceTree = "<group>"; };
		EC7354701B3DC17E00FB7EE5 /* MyTableViewSuite.app */ = {isa = PBXFileReference; explicitFileType = wrapper.application; includeInIndex = 0; path = MyTableViewSuite.app; sourceTree = BUILT_PRODUCTS_DIR; };
		EC7354741B3DC17E00FB7EE5 /* main.m */ = {isa = PBXFileReference; lastKnownFileType = sourcecode.c.objc; path = main.m; sourceTree = "<group>"; };
		EC7354761B3DC17E00FB7EE5 /* AppDelegate.h */ = {isa = PBXFileReference; lastKnownFileType = sourcecode.c.h; path = AppDelegate.h; sourceTree = "<group>"; };
		EC7354771B3DC17E00FB7EE5 /* AppDelegate.m */ = {isa = PBXFileReference; lastKnownFileType = sourcecode.c.objc; path = AppDelegate.m; sourceTree = "<group>"; };
		EC73547D1B3DC17E00FB7EE5 /* Base */ = {isa = PBXFileReference; lastKnownFileType = file.storyboard; name = Base; path = Base.lproj/Main.storyboard; sourceTree = "<group>"; };
		EC73547F1B3DC17E00FB7EE5 /* Assets.xcassets */ = {isa = PBXFileReference; lastKnownFileType = folder.assetcatalog; path = Assets.xcassets; sourceTree = "<group>"; };
		EC7354821B3DC17E00FB7EE5 /* Base */ = {isa = PBXFileReference; lastKnownFileType = file.storyboard; name = Base; path = Base.lproj/LaunchScreen.storyboard; sourceTree = "<group>"; };
		EC7354841B3DC17E00FB7EE5 /* Info.plist */ = {isa = PBXFileReference; lastKnownFileType = text.plist.xml; path = Info.plist; sourceTree = "<group>"; };
		EC7354891B3DC17E00FB7EE5 /* MyTableViewSuiteTests.xctest */ = {isa = PBXFileReference; explicitFileType = wrapper.cfbundle; includeInIndex = 0; path = MyTableViewSuiteTests.xctest; sourceTree = BUILT_PRODUCTS_DIR; };
		EC73548D1B3DC17E00FB7EE5 /* MyTableViewSuiteTests.m */ = {isa = PBXFileReference; lastKnownFileType = sourcecode.c.objc; path = MyTableViewSuiteTests.m; sourceTree = "<group>"; };
		EC73548F1B3DC17E00FB7EE5 /* Info.plist */ = {isa = PBXFileReference; lastKnownFileType = text.plist.xml; path = Info.plist; sourceTree = "<group>"; };
		EC7354941B3DC17E00FB7EE5 /* MyTableViewSuiteUITests.xctest */ = {isa = PBXFileReference; explicitFileType = wrapper.cfbundle; includeInIndex = 0; path = MyTableViewSuiteUITests.xctest; sourceTree = BUILT_PRODUCTS_DIR; };
		EC7354981B3DC17E00FB7EE5 /* MyTableViewSuiteUITests.m */ = {isa = PBXFileReference; lastKnownFileType = sourcecode.c.objc; path = MyTableViewSuiteUITests.m; sourceTree = "<group>"; };
		EC73549A1B3DC17E00FB7EE5 /* Info.plist */ = {isa = PBXFileReference; lastKnownFileType = text.plist.xml; path = Info.plist; sourceTree = "<group>"; };
		EC7354A61B3DC20600FB7EE5 /* NibTableViewCell.h */ = {isa = PBXFileReference; fileEncoding = 4; lastKnownFileType = sourcecode.c.h; path = NibTableViewCell.h; sourceTree = "<group>"; };
		EC7354A71B3DC20600FB7EE5 /* NibTableViewCell.m */ = {isa = PBXFileReference; fileEncoding = 4; lastKnownFileType = sourcecode.c.objc; path = NibTableViewCell.m; sourceTree = "<group>"; };
		EC7354A81B3DC20600FB7EE5 /* NibTableViewCell.xib */ = {isa = PBXFileReference; fileEncoding = 4; lastKnownFileType = file.xib; path = NibTableViewCell.xib; sourceTree = "<group>"; };
		EC7354AB1B3DC24C00FB7EE5 /* NibCellSampleTableViewController.h */ = {isa = PBXFileReference; fileEncoding = 4; lastKnownFileType = sourcecode.c.h; path = NibCellSampleTableViewController.h; sourceTree = "<group>"; };
		EC7354AC1B3DC24C00FB7EE5 /* NibCellSampleTableViewController.m */ = {isa = PBXFileReference; fileEncoding = 4; lastKnownFileType = sourcecode.c.objc; path = NibCellSampleTableViewController.m; sourceTree = "<group>"; };
		EC7354AF1B3DC33E00FB7EE5 /* 3x.png */ = {isa = PBXFileReference; lastKnownFileType = image.png; name = 3x.png; path = ../3x.png; sourceTree = "<group>"; };
		EC7354B11B3DC36600FB7EE5 /* placeholderPNG.png */ = {isa = PBXFileReference; lastKnownFileType = image.png; path = placeholderPNG.png; sourceTree = "<group>"; };
		EC7354B31B3DC37400FB7EE5 /* baceIcon3x.png */ = {isa = PBXFileReference; lastKnownFileType = image.png; path = baceIcon3x.png; sourceTree = "<group>"; };
		EC7354B51B3DC81800FB7EE5 /* corkboard.png */ = {isa = PBXFileReference; lastKnownFileType = image.png; path = corkboard.png; sourceTree = "<group>"; };
		EC7354B61B3DC81800FB7EE5 /* planet.png */ = {isa = PBXFileReference; lastKnownFileType = image.png; path = planet.png; sourceTree = "<group>"; };
		EC7354B71B3DC81800FB7EE5 /* gingham.png */ = {isa = PBXFileReference; lastKnownFileType = image.png; path = gingham.png; sourceTree = "<group>"; };
		EC7354B81B3DC81800FB7EE5 /* bluePrint.png */ = {isa = PBXFileReference; lastKnownFileType = image.png; path = bluePrint.png; sourceTree = "<group>"; };
		EC7354C01B3DC86200FB7EE5 /* OddEvenTableViewController.h */ = {isa = PBXFileReference; fileEncoding = 4; lastKnownFileType = sourcecode.c.h; path = OddEvenTableViewController.h; sourceTree = "<group>"; };
		EC7354C11B3DC86200FB7EE5 /* OddEvenTableViewController.m */ = {isa = PBXFileReference; fileEncoding = 4; lastKnownFileType = sourcecode.c.objc; path = OddEvenTableViewController.m; sourceTree = "<group>"; };
		EC7354C41B3DC8EB00FB7EE5 /* OddCell.h */ = {isa = PBXFileReference; fileEncoding = 4; lastKnownFileType = sourcecode.c.h; path = OddCell.h; sourceTree = "<group>"; };
		EC7354C51B3DC8EB00FB7EE5 /* OddCell.m */ = {isa = PBXFileReference; fileEncoding = 4; lastKnownFileType = sourcecode.c.objc; path = OddCell.m; sourceTree = "<group>"; };
		EC7354C61B3DC8EB00FB7EE5 /* EvenCell.h */ = {isa = PBXFileReference; fileEncoding = 4; lastKnownFileType = sourcecode.c.h; path = EvenCell.h; sourceTree = "<group>"; };
		EC7354C71B3DC8EB00FB7EE5 /* EvenCell.m */ = {isa = PBXFileReference; fileEncoding = 4; lastKnownFileType = sourcecode.c.objc; path = EvenCell.m; sourceTree = "<group>"; };
		EC7354CA1B3DCF5500FB7EE5 /* MyTableViewSuiteManager.h */ = {isa = PBXFileReference; fileEncoding = 4; lastKnownFileType = sourcecode.c.h; path = MyTableViewSuiteManager.h; sourceTree = "<group>"; };
		EC7354CB1B3DCF5500FB7EE5 /* MyTableViewSuiteManager.m */ = {isa = PBXFileReference; fileEncoding = 4; lastKnownFileType = sourcecode.c.objc; path = MyTableViewSuiteManager.m; sourceTree = "<group>"; };
		EC7354D21B3DD7C000FB7EE5 /* ComputersViewController.h */ = {isa = PBXFileReference; fileEncoding = 4; lastKnownFileType = sourcecode.c.h; path = ComputersViewController.h; sourceTree = "<group>"; };
		EC7354D31B3DD7C000FB7EE5 /* ComputersViewController.m */ = {isa = PBXFileReference; fileEncoding = 4; lastKnownFileType = sourcecode.c.objc; path = ComputersViewController.m; sourceTree = "<group>"; };
		EC7354D61B3DD85100FB7EE5 /* NameAndColorCell.m */ = {isa = PBXFileReference; fileEncoding = 4; lastKnownFileType = sourcecode.c.objc; path = NameAndColorCell.m; sourceTree = "<group>"; };
		EC7354D71B3DD85100FB7EE5 /* NameAndColorCell.xib */ = {isa = PBXFileReference; fileEncoding = 4; lastKnownFileType = file.xib; path = NameAndColorCell.xib; sourceTree = "<group>"; };
		EC7354DA1B3DD86A00FB7EE5 /* NameAndColorCell.h */ = {isa = PBXFileReference; lastKnownFileType = sourcecode.c.h; path = NameAndColorCell.h; sourceTree = "<group>"; };
		EC7354DB1B3DDCFA00FB7EE5 /* ButtonCellTableViewController.h */ = {isa = PBXFileReference; fileEncoding = 4; lastKnownFileType = sourcecode.c.h; path = ButtonCellTableViewController.h; sourceTree = "<group>"; };
		EC7354DC1B3DDCFA00FB7EE5 /* ButtonCellTableViewController.m */ = {isa = PBXFileReference; fileEncoding = 4; lastKnownFileType = sourcecode.c.objc; path = ButtonCellTableViewController.m; sourceTree = "<group>"; };
/* End PBXFileReference section */

/* Begin PBXFrameworksBuildPhase section */
		EC73546D1B3DC17E00FB7EE5 /* Frameworks */ = {
			isa = PBXFrameworksBuildPhase;
			buildActionMask = 2147483647;
			files = (
			);
			runOnlyForDeploymentPostprocessing = 0;
		};
		EC7354861B3DC17E00FB7EE5 /* Frameworks */ = {
			isa = PBXFrameworksBuildPhase;
			buildActionMask = 2147483647;
			files = (
			);
			runOnlyForDeploymentPostprocessing = 0;
		};
		EC7354911B3DC17E00FB7EE5 /* Frameworks */ = {
			isa = PBXFrameworksBuildPhase;
			buildActionMask = 2147483647;
			files = (
			);
			runOnlyForDeploymentPostprocessing = 0;
		};
/* End PBXFrameworksBuildPhase section */

/* Begin PBXGroup section */
		EC7354671B3DC17E00FB7EE5 = {
			isa = PBXGroup;
			children = (
				EC7354721B3DC17E00FB7EE5 /* MyTableViewSuite */,
				EC73548C1B3DC17E00FB7EE5 /* MyTableViewSuiteTests */,
				EC7354971B3DC17E00FB7EE5 /* MyTableViewSuiteUITests */,
				EC7354711B3DC17E00FB7EE5 /* Products */,
			);
			sourceTree = "<group>";
		};
		EC7354711B3DC17E00FB7EE5 /* Products */ = {
			isa = PBXGroup;
			children = (
				EC7354701B3DC17E00FB7EE5 /* MyTableViewSuite.app */,
				EC7354891B3DC17E00FB7EE5 /* MyTableViewSuiteTests.xctest */,
				EC7354941B3DC17E00FB7EE5 /* MyTableViewSuiteUITests.xctest */,
			);
			name = Products;
			sourceTree = "<group>";
		};
		EC7354721B3DC17E00FB7EE5 /* MyTableViewSuite */ = {
			isa = PBXGroup;
			children = (
				EC7354761B3DC17E00FB7EE5 /* AppDelegate.h */,
				EC7354771B3DC17E00FB7EE5 /* AppDelegate.m */,
				EC73547C1B3DC17E00FB7EE5 /* Main.storyboard */,
				EC7354DE1B3DDD0000FB7EE5 /* ButtonCellSample */,
				EC7354D51B3DD7C300FB7EE5 /* Computers */,
				EC7354CD1B3DCFA500FB7EE5 /* Manager Middle */,
				EC7354C31B3DC86500FB7EE5 /* OddEvenSample */,
				EC7354AE1B3DC25100FB7EE5 /* NibCellSample */,
				EC73547F1B3DC17E00FB7EE5 /* Assets.xcassets */,
				EC7354841B3DC17E00FB7EE5 /* Info.plist */,
				EC7354811B3DC17E00FB7EE5 /* LaunchScreen.storyboard */,
				EC7354731B3DC17E00FB7EE5 /* Supporting Files */,
			);
			path = MyTableViewSuite;
			sourceTree = "<group>";
		};
		EC7354731B3DC17E00FB7EE5 /* Supporting Files */ = {
			isa = PBXGroup;
			children = (
				EC7354BD1B3DC81D00FB7EE5 /* Images */,
				EC7354741B3DC17E00FB7EE5 /* main.m */,
			);
			name = "Supporting Files";
			sourceTree = "<group>";
		};
		EC73548C1B3DC17E00FB7EE5 /* MyTableViewSuiteTests */ = {
			isa = PBXGroup;
			children = (
				EC73548D1B3DC17E00FB7EE5 /* MyTableViewSuiteTests.m */,
				EC73548F1B3DC17E00FB7EE5 /* Info.plist */,
			);
			path = MyTableViewSuiteTests;
			sourceTree = "<group>";
		};
		EC7354971B3DC17E00FB7EE5 /* MyTableViewSuiteUITests */ = {
			isa = PBXGroup;
			children = (
				EC7354981B3DC17E00FB7EE5 /* MyTableViewSuiteUITests.m */,
				EC73549A1B3DC17E00FB7EE5 /* Info.plist */,
			);
			path = MyTableViewSuiteUITests;
			sourceTree = "<group>";
		};
		EC7354AE1B3DC25100FB7EE5 /* NibCellSample */ = {
			isa = PBXGroup;
			children = (
				EC7354AB1B3DC24C00FB7EE5 /* NibCellSampleTableViewController.h */,
				EC7354AC1B3DC24C00FB7EE5 /* NibCellSampleTableViewController.m */,
				EC7354A61B3DC20600FB7EE5 /* NibTableViewCell.h */,
				EC7354A71B3DC20600FB7EE5 /* NibTableViewCell.m */,
				EC7354A81B3DC20600FB7EE5 /* NibTableViewCell.xib */,
			);
			name = NibCellSample;
			sourceTree = "<group>";
		};
		EC7354BD1B3DC81D00FB7EE5 /* Images */ = {
			isa = PBXGroup;
			children = (
				EC7354B51B3DC81800FB7EE5 /* corkboard.png */,
				EC7354B61B3DC81800FB7EE5 /* planet.png */,
				EC7354B71B3DC81800FB7EE5 /* gingham.png */,
				EC7354B81B3DC81800FB7EE5 /* bluePrint.png */,
				EC7354AF1B3DC33E00FB7EE5 /* 3x.png */,
				EC7354B11B3DC36600FB7EE5 /* placeholderPNG.png */,
				EC7354B31B3DC37400FB7EE5 /* baceIcon3x.png */,
			);
			name = Images;
			sourceTree = "<group>";
		};
		EC7354C31B3DC86500FB7EE5 /* OddEvenSample */ = {
			isa = PBXGroup;
			children = (
				EC7354C01B3DC86200FB7EE5 /* OddEvenTableViewController.h */,
				EC7354C11B3DC86200FB7EE5 /* OddEvenTableViewController.m */,
				EC7354C41B3DC8EB00FB7EE5 /* OddCell.h */,
				EC7354C51B3DC8EB00FB7EE5 /* OddCell.m */,
				EC7354C61B3DC8EB00FB7EE5 /* EvenCell.h */,
				EC7354C71B3DC8EB00FB7EE5 /* EvenCell.m */,
			);
			name = OddEvenSample;
			sourceTree = "<group>";
		};
		EC7354CD1B3DCFA500FB7EE5 /* Manager Middle */ = {
			isa = PBXGroup;
			children = (
				EC7354CA1B3DCF5500FB7EE5 /* MyTableViewSuiteManager.h */,
				EC7354CB1B3DCF5500FB7EE5 /* MyTableViewSuiteManager.m */,
			);
			name = "Manager Middle";
			sourceTree = "<group>";
		};
		EC7354D51B3DD7C300FB7EE5 /* Computers */ = {
			isa = PBXGroup;
			children = (
				EC7354D21B3DD7C000FB7EE5 /* ComputersViewController.h */,
				EC7354D31B3DD7C000FB7EE5 /* ComputersViewController.m */,
				EC7354DA1B3DD86A00FB7EE5 /* NameAndColorCell.h */,
				EC7354D61B3DD85100FB7EE5 /* NameAndColorCell.m */,
				EC7354D71B3DD85100FB7EE5 /* NameAndColorCell.xib */,
			);
			name = Computers;
			sourceTree = "<group>";
		};
		EC7354DE1B3DDD0000FB7EE5 /* ButtonCellSample */ = {
			isa = PBXGroup;
			children = (
				EC7354DB1B3DDCFA00FB7EE5 /* ButtonCellTableViewController.h */,
				EC7354DC1B3DDCFA00FB7EE5 /* ButtonCellTableViewController.m */,
				EC4B6CA01B3DF679007860D8 /* ButtonCellDelegate.h */,
				EC4B6CA91B3DFAA6007860D8 /* ButtonishTableViewCell.h */,
				EC4B6CAA1B3DFAA6007860D8 /* ButtonishTableViewCell.m */,
				EC4B6CAB1B3DFAA6007860D8 /* ButtonishTableViewCell.xib */,
				EC4B6CA41B3DF85C007860D8 /* ButtonDetailViewController.h */,
				EC4B6CA51B3DF85C007860D8 /* ButtonDetailViewController.m */,
				EC4B6CA61B3DF85C007860D8 /* ButtonDetailViewController.xib */,
			);
			name = ButtonCellSample;
			sourceTree = "<group>";
		};
/* End PBXGroup section */

/* Begin PBXNativeTarget section */
		EC73546F1B3DC17E00FB7EE5 /* MyTableViewSuite */ = {
			isa = PBXNativeTarget;
			buildConfigurationList = EC73549D1B3DC17E00FB7EE5 /* Build configuration list for PBXNativeTarget "MyTableViewSuite" */;
			buildPhases = (
				EC73546C1B3DC17E00FB7EE5 /* Sources */,
				EC73546D1B3DC17E00FB7EE5 /* Frameworks */,
				EC73546E1B3DC17E00FB7EE5 /* Resources */,
			);
			buildRules = (
			);
			dependencies = (
			);
			name = MyTableViewSuite;
			productName = MyTableViewSuite;
			productReference = EC7354701B3DC17E00FB7EE5 /* MyTableViewSuite.app */;
			productType = "com.apple.product-type.application";
		};
		EC7354881B3DC17E00FB7EE5 /* MyTableViewSuiteTests */ = {
			isa = PBXNativeTarget;
			buildConfigurationList = EC7354A01B3DC17E00FB7EE5 /* Build configuration list for PBXNativeTarget "MyTableViewSuiteTests" */;
			buildPhases = (
				EC7354851B3DC17E00FB7EE5 /* Sources */,
				EC7354861B3DC17E00FB7EE5 /* Frameworks */,
				EC7354871B3DC17E00FB7EE5 /* Resources */,
			);
			buildRules = (
			);
			dependencies = (
				EC73548B1B3DC17E00FB7EE5 /* PBXTargetDependency */,
			);
			name = MyTableViewSuiteTests;
			productName = MyTableViewSuiteTests;
			productReference = EC7354891B3DC17E00FB7EE5 /* MyTableViewSuiteTests.xctest */;
			productType = "com.apple.product-type.bundle.unit-test";
		};
		EC7354931B3DC17E00FB7EE5 /* MyTableViewSuiteUITests */ = {
			isa = PBXNativeTarget;
			buildConfigurationList = EC7354A31B3DC17E00FB7EE5 /* Build configuration list for PBXNativeTarget "MyTableViewSuiteUITests" */;
			buildPhases = (
				EC7354901B3DC17E00FB7EE5 /* Sources */,
				EC7354911B3DC17E00FB7EE5 /* Frameworks */,
				EC7354921B3DC17E00FB7EE5 /* Resources */,
			);
			buildRules = (
			);
			dependencies = (
				EC7354961B3DC17E00FB7EE5 /* PBXTargetDependency */,
			);
			name = MyTableViewSuiteUITests;
			productName = MyTableViewSuiteUITests;
			productReference = EC7354941B3DC17E00FB7EE5 /* MyTableViewSuiteUITests.xctest */;
			productType = "com.apple.product-type.bundle.ui-testing";
		};
/* End PBXNativeTarget section */

/* Begin PBXProject section */
		EC7354681B3DC17E00FB7EE5 /* Project object */ = {
			isa = PBXProject;
			attributes = {
				LastUpgradeCheck = 0700;
				ORGANIZATIONNAME = Romy;
				TargetAttributes = {
					EC73546F1B3DC17E00FB7EE5 = {
						CreatedOnToolsVersion = 7.0;
						DevelopmentTeam = 6K559Y986U;
					};
					EC7354881B3DC17E00FB7EE5 = {
						CreatedOnToolsVersion = 7.0;
						TestTargetID = EC73546F1B3DC17E00FB7EE5;
					};
					EC7354931B3DC17E00FB7EE5 = {
						CreatedOnToolsVersion = 7.0;
						TestTargetID = EC73546F1B3DC17E00FB7EE5;
					};
				};
			};
			buildConfigurationList = EC73546B1B3DC17E00FB7EE5 /* Build configuration list for PBXProject "MyTableViewSuite" */;
			compatibilityVersion = "Xcode 3.2";
			developmentRegion = English;
			hasScannedForEncodings = 0;
			knownRegions = (
				en,
				Base,
			);
			mainGroup = EC7354671B3DC17E00FB7EE5;
			productRefGroup = EC7354711B3DC17E00FB7EE5 /* Products */;
			projectDirPath = "";
			projectRoot = "";
			targets = (
				EC73546F1B3DC17E00FB7EE5 /* MyTableViewSuite */,
				EC7354881B3DC17E00FB7EE5 /* MyTableViewSuiteTests */,
				EC7354931B3DC17E00FB7EE5 /* MyTableViewSuiteUITests */,
			);
		};
/* End PBXProject section */

/* Begin PBXResourcesBuildPhase section */
		EC73546E1B3DC17E00FB7EE5 /* Resources */ = {
			isa = PBXResourcesBuildPhase;
			buildActionMask = 2147483647;
			files = (
				EC7354B01B3DC33E00FB7EE5 /* 3x.png in Resources */,
				EC7354831B3DC17E00FB7EE5 /* LaunchScreen.storyboard in Resources */,
				EC7354AA1B3DC20600FB7EE5 /* NibTableViewCell.xib in Resources */,
				EC7354BA1B3DC81800FB7EE5 /* planet.png in Resources */,
				EC4B6CAD1B3DFAA6007860D8 /* ButtonishTableViewCell.xib in Resources */,
				EC7354D91B3DD85100FB7EE5 /* NameAndColorCell.xib in Resources */,
				EC7354B21B3DC36600FB7EE5 /* placeholderPNG.png in Resources */,
				EC7354B41B3DC37400FB7EE5 /* baceIcon3x.png in Resources */,
				EC7354801B3DC17E00FB7EE5 /* Assets.xcassets in Resources */,
				EC73547E1B3DC17E00FB7EE5 /* Main.storyboard in Resources */,
				EC7354BC1B3DC81800FB7EE5 /* bluePrint.png in Resources */,
				EC7354B91B3DC81800FB7EE5 /* corkboard.png in Resources */,
				EC7354BB1B3DC81800FB7EE5 /* gingham.png in Resources */,
				EC4B6CA81B3DF85C007860D8 /* ButtonDetailViewController.xib in Resources */,
			);
			runOnlyForDeploymentPostprocessing = 0;
		};
		EC7354871B3DC17E00FB7EE5 /* Resources */ = {
			isa = PBXResourcesBuildPhase;
			buildActionMask = 2147483647;
			files = (
			);
			runOnlyForDeploymentPostprocessing = 0;
		};
		EC7354921B3DC17E00FB7EE5 /* Resources */ = {
			isa = PBXResourcesBuildPhase;
			buildActionMask = 2147483647;
			files = (
			);
			runOnlyForDeploymentPostprocessing = 0;
		};
/* End PBXResourcesBuildPhase section */

/* Begin PBXSourcesBuildPhase section */
		EC73546C1B3DC17E00FB7EE5 /* Sources */ = {
			isa = PBXSourcesBuildPhase;
			buildActionMask = 2147483647;
			files = (
				EC7354A91B3DC20600FB7EE5 /* NibTableViewCell.m in Sources */,
				EC7354781B3DC17E00FB7EE5 /* AppDelegate.m in Sources */,
				EC7354D81B3DD85100FB7EE5 /* NameAndColorCell.m in Sources */,
				EC7354CC1B3DCF5500FB7EE5 /* MyTableViewSuiteManager.m in Sources */,
				EC4B6CA71B3DF85C007860D8 /* ButtonDetailViewController.m in Sources */,
				EC7354751B3DC17E00FB7EE5 /* main.m in Sources */,
				EC7354D41B3DD7C000FB7EE5 /* ComputersViewController.m in Sources */,
				EC7354C91B3DC8EB00FB7EE5 /* EvenCell.m in Sources */,
				EC4B6CAC1B3DFAA6007860D8 /* ButtonishTableViewCell.m in Sources */,
				EC7354AD1B3DC24C00FB7EE5 /* NibCellSampleTableViewController.m in Sources */,
				EC7354C21B3DC86200FB7EE5 /* OddEvenTableViewController.m in Sources */,
				EC7354C81B3DC8EB00FB7EE5 /* OddCell.m in Sources */,
				EC7354DD1B3DDCFA00FB7EE5 /* ButtonCellTableViewController.m in Sources */,
			);
			runOnlyForDeploymentPostprocessing = 0;
		};
		EC7354851B3DC17E00FB7EE5 /* Sources */ = {
			isa = PBXSourcesBuildPhase;
			buildActionMask = 2147483647;
			files = (
				EC73548E1B3DC17E00FB7EE5 /* MyTableViewSuiteTests.m in Sources */,
			);
			runOnlyForDeploymentPostprocessing = 0;
		};
		EC7354901B3DC17E00FB7EE5 /* Sources */ = {
			isa = PBXSourcesBuildPhase;
			buildActionMask = 2147483647;
			files = (
				EC7354991B3DC17E00FB7EE5 /* MyTableViewSuiteUITests.m in Sources */,
			);
			runOnlyForDeploymentPostprocessing = 0;
		};
/* End PBXSourcesBuildPhase section */

/* Begin PBXTargetDependency section */
		EC73548B1B3DC17E00FB7EE5 /* PBXTargetDependency */ = {
			isa = PBXTargetDependency;
			target = EC73546F1B3DC17E00FB7EE5 /* MyTableViewSuite */;
			targetProxy = EC73548A1B3DC17E00FB7EE5 /* PBXContainerItemProxy */;
		};
		EC7354961B3DC17E00FB7EE5 /* PBXTargetDependency */ = {
			isa = PBXTargetDependency;
			target = EC73546F1B3DC17E00FB7EE5 /* MyTableViewSuite */;
			targetProxy = EC7354951B3DC17E00FB7EE5 /* PBXContainerItemProxy */;
		};
/* End PBXTargetDependency section */

/* Begin PBXVariantGroup section */
		EC73547C1B3DC17E00FB7EE5 /* Main.storyboard */ = {
			isa = PBXVariantGroup;
			children = (
				EC73547D1B3DC17E00FB7EE5 /* Base */,
			);
			name = Main.storyboard;
			sourceTree = "<group>";
		};
		EC7354811B3DC17E00FB7EE5 /* LaunchScreen.storyboard */ = {
			isa = PBXVariantGroup;
			children = (
				EC7354821B3DC17E00FB7EE5 /* Base */,
			);
			name = LaunchScreen.storyboard;
			sourceTree = "<group>";
		};
/* End PBXVariantGroup section */

/* Begin XCBuildConfiguration section */
		EC73549B1B3DC17E00FB7EE5 /* Debug */ = {
			isa = XCBuildConfiguration;
			buildSettings = {
				ALWAYS_SEARCH_USER_PATHS = NO;
				CLANG_CXX_LANGUAGE_STANDARD = "gnu++0x";
				CLANG_CXX_LIBRARY = "libc++";
				CLANG_ENABLE_MODULES = YES;
				CLANG_ENABLE_OBJC_ARC = YES;
				CLANG_WARN_BOOL_CONVERSION = YES;
				CLANG_WARN_CONSTANT_CONVERSION = YES;
				CLANG_WARN_DIRECT_OBJC_ISA_USAGE = YES_ERROR;
				CLANG_WARN_EMPTY_BODY = YES;
				CLANG_WARN_ENUM_CONVERSION = YES;
				CLANG_WARN_INT_CONVERSION = YES;
				CLANG_WARN_OBJC_ROOT_CLASS = YES_ERROR;
				CLANG_WARN_UNREACHABLE_CODE = YES;
				CLANG_WARN__DUPLICATE_METHOD_MATCH = YES;
				"CODE_SIGN_IDENTITY[sdk=iphoneos*]" = "iPhone Developer";
				COPY_PHASE_STRIP = NO;
				DEBUG_INFORMATION_FORMAT = dwarf;
				ENABLE_STRICT_OBJC_MSGSEND = YES;
				ENABLE_TESTABILITY = YES;
				GCC_C_LANGUAGE_STANDARD = gnu99;
				GCC_DYNAMIC_NO_PIC = NO;
				GCC_NO_COMMON_BLOCKS = YES;
				GCC_OPTIMIZATION_LEVEL = 0;
				GCC_PREPROCESSOR_DEFINITIONS = (
					"DEBUG=1",
					"$(inherited)",
				);
				GCC_WARN_64_TO_32_BIT_CONVERSION = YES;
				GCC_WARN_ABOUT_RETURN_TYPE = YES_ERROR;
				GCC_WARN_UNDECLARED_SELECTOR = YES;
				GCC_WARN_UNINITIALIZED_AUTOS = YES_AGGRESSIVE;
				GCC_WARN_UNUSED_FUNCTION = YES;
				GCC_WARN_UNUSED_VARIABLE = YES;
				IPHONEOS_DEPLOYMENT_TARGET = 9.0;
				MTL_ENABLE_DEBUG_INFO = YES;
				ONLY_ACTIVE_ARCH = YES;
				SDKROOT = iphoneos;
			};
			name = Debug;
		};
		EC73549C1B3DC17E00FB7EE5 /* Release */ = {
			isa = XCBuildConfiguration;
			buildSettings = {
				ALWAYS_SEARCH_USER_PATHS = NO;
				CLANG_CXX_LANGUAGE_STANDARD = "gnu++0x";
				CLANG_CXX_LIBRARY = "libc++";
				CLANG_ENABLE_MODULES = YES;
				CLANG_ENABLE_OBJC_ARC = YES;
				CLANG_WARN_BOOL_CONVERSION = YES;
				CLANG_WARN_CONSTANT_CONVERSION = YES;
				CLANG_WARN_DIRECT_OBJC_ISA_USAGE = YES_ERROR;
				CLANG_WARN_EMPTY_BODY = YES;
				CLANG_WARN_ENUM_CONVERSION = YES;
				CLANG_WARN_INT_CONVERSION = YES;
				CLANG_WARN_OBJC_ROOT_CLASS = YES_ERROR;
				CLANG_WARN_UNREACHABLE_CODE = YES;
				CLANG_WARN__DUPLICATE_METHOD_MATCH = YES;
				"CODE_SIGN_IDENTITY[sdk=iphoneos*]" = "iPhone Developer";
				COPY_PHASE_STRIP = NO;
				DEBUG_INFORMATION_FORMAT = "dwarf-with-dsym";
				ENABLE_NS_ASSERTIONS = NO;
				ENABLE_STRICT_OBJC_MSGSEND = YES;
				GCC_C_LANGUAGE_STANDARD = gnu99;
				GCC_NO_COMMON_BLOCKS = YES;
				GCC_WARN_64_TO_32_BIT_CONVERSION = YES;
				GCC_WARN_ABOUT_RETURN_TYPE = YES_ERROR;
				GCC_WARN_UNDECLARED_SELECTOR = YES;
				GCC_WARN_UNINITIALIZED_AUTOS = YES_AGGRESSIVE;
				GCC_WARN_UNUSED_FUNCTION = YES;
				GCC_WARN_UNUSED_VARIABLE = YES;
				IPHONEOS_DEPLOYMENT_TARGET = 9.0;
				MTL_ENABLE_DEBUG_INFO = NO;
				SDKROOT = iphoneos;
				VALIDATE_PRODUCT = YES;
			};
			name = Release;
		};
		EC73549E1B3DC17E00FB7EE5 /* Debug */ = {
			isa = XCBuildConfiguration;
			buildSettings = {
				ASSETCATALOG_COMPILER_APPICON_NAME = AppIcon;
				CODE_SIGN_IDENTITY = "iPhone Developer";
				INFOPLIST_FILE = MyTableViewSuite/Info.plist;
				LD_RUNPATH_SEARCH_PATHS = "$(inherited) @executable_path/Frameworks";
				PRODUCT_BUNDLE_IDENTIFIER = com.snowyla.MyTableViewSuite;
				PRODUCT_NAME = "$(TARGET_NAME)";
			};
			name = Debug;
		};
		EC73549F1B3DC17E00FB7EE5 /* Release */ = {
			isa = XCBuildConfiguration;
			buildSettings = {
				ASSETCATALOG_COMPILER_APPICON_NAME = AppIcon;
				CODE_SIGN_IDENTITY = "iPhone Developer";
				INFOPLIST_FILE = MyTableViewSuite/Info.plist;
				LD_RUNPATH_SEARCH_PATHS = "$(inherited) @executable_path/Frameworks";
				PRODUCT_BUNDLE_IDENTIFIER = com.snowyla.MyTableViewSuite;
				PRODUCT_NAME = "$(TARGET_NAME)";
			};
			name = Release;
		};
		EC7354A11B3DC17E00FB7EE5 /* Debug */ = {
			isa = XCBuildConfiguration;
			buildSettings = {
				BUNDLE_LOADER = "$(TEST_HOST)";
				INFOPLIST_FILE = MyTableViewSuiteTests/Info.plist;
				LD_RUNPATH_SEARCH_PATHS = "$(inherited) @executable_path/Frameworks @loader_path/Frameworks";
				PRODUCT_BUNDLE_IDENTIFIER = com.snowyla.MyTableViewSuiteTests;
				PRODUCT_NAME = "$(TARGET_NAME)";
				TEST_HOST = "$(BUILT_PRODUCTS_DIR)/MyTableViewSuite.app/MyTableViewSuite";
			};
			name = Debug;
		};
		EC7354A21B3DC17E00FB7EE5 /* Release */ = {
			isa = XCBuildConfiguration;
			buildSettings = {
				BUNDLE_LOADER = "$(TEST_HOST)";
				INFOPLIST_FILE = MyTableViewSuiteTests/Info.plist;
				LD_RUNPATH_SEARCH_PATHS = "$(inherited) @executable_path/Frameworks @loader_path/Frameworks";
				PRODUCT_BUNDLE_IDENTIFIER = com.snowyla.MyTableViewSuiteTests;
				PRODUCT_NAME = "$(TARGET_NAME)";
				TEST_HOST = "$(BUILT_PRODUCTS_DIR)/MyTableViewSuite.app/MyTableViewSuite";
			};
			name = Release;
		};
		EC7354A41B3DC17E00FB7EE5 /* Debug */ = {
			isa = XCBuildConfiguration;
			buildSettings = {
				INFOPLIST_FILE = MyTableViewSuiteUITests/Info.plist;
				LD_RUNPATH_SEARCH_PATHS = "$(inherited) @executable_path/Frameworks @loader_path/Frameworks";
				PRODUCT_BUNDLE_IDENTIFIER = com.snowyla.MyTableViewSuiteUITests;
				PRODUCT_NAME = "$(TARGET_NAME)";
				TEST_TARGET_NAME = MyTableViewSuite;
				USES_XCTRUNNER = YES;
			};
			name = Debug;
		};
		EC7354A51B3DC17E00FB7EE5 /* Release */ = {
			isa = XCBuildConfiguration;
			buildSettings = {
				INFOPLIST_FILE = MyTableViewSuiteUITests/Info.plist;
				LD_RUNPATH_SEARCH_PATHS = "$(inherited) @executable_path/Frameworks @loader_path/Frameworks";
				PRODUCT_BUNDLE_IDENTIFIER = com.snowyla.MyTableViewSuiteUITests;
				PRODUCT_NAME = "$(TARGET_NAME)";
				TEST_TARGET_NAME = MyTableViewSuite;
				USES_XCTRUNNER = YES;
			};
			name = Release;
		};
/* End XCBuildConfiguration section */

/* Begin XCConfigurationList section */
		EC73546B1B3DC17E00FB7EE5 /* Build configuration list for PBXProject "MyTableViewSuite" */ = {
			isa = XCConfigurationList;
			buildConfigurations = (
				EC73549B1B3DC17E00FB7EE5 /* Debug */,
				EC73549C1B3DC17E00FB7EE5 /* Release */,
			);
			defaultConfigurationIsVisible = 0;
			defaultConfigurationName = Release;
		};
		EC73549D1B3DC17E00FB7EE5 /* Build configuration list for PBXNativeTarget "MyTableViewSuite" */ = {
			isa = XCConfigurationList;
			buildConfigurations = (
				EC73549E1B3DC17E00FB7EE5 /* Debug */,
				EC73549F1B3DC17E00FB7EE5 /* Release */,
			);
			defaultConfigurationIsVisible = 0;
			defaultConfigurationName = Release;
		};
		EC7354A01B3DC17E00FB7EE5 /* Build configuration list for PBXNativeTarget "MyTableViewSuiteTests" */ = {
			isa = XCConfigurationList;
			buildConfigurations = (
				EC7354A11B3DC17E00FB7EE5 /* Debug */,
				EC7354A21B3DC17E00FB7EE5 /* Release */,
			);
			defaultConfigurationIsVisible = 0;
			defaultConfigurationName = Release;
		};
		EC7354A31B3DC17E00FB7EE5 /* Build configuration list for PBXNativeTarget "MyTableViewSuiteUITests" */ = {
			isa = XCConfigurationList;
			buildConfigurations = (
				EC7354A41B3DC17E00FB7EE5 /* Debug */,
				EC7354A51B3DC17E00FB7EE5 /* Release */,
			);
			defaultConfigurationIsVisible = 0;
			defaultConfigurationName = Release;
		};
/* End XCConfigurationList section */
	};
	rootObject = EC7354681B3DC17E00FB7EE5 /* Project object */;
}
